
Microsoft Visual Studio Solution File, Format Version 12.00
# Visual Studio Version 17
VisualStudioVersion = 17.6.33801.468
MinimumVisualStudioVersion = 10.0.40219.1
Project("{FAE04EC0-301F-11D3-BF4B-00C04F79EFBC}") = "GatewayManagement", "GatewayManagement\GatewayManagement.csproj", "{4AAF02DE-58E6-4F72-A9FD-573F2D00EF16}"
EndProject
Global
	GlobalSection(SolutionConfigurationPlatforms) = preSolution
		Debug|Any CPU = Debug|Any CPU
		Release|Any CPU = Release|Any CPU
	EndGlobalSection
	GlobalSection(ProjectConfigurationPlatforms) = postSolution
		{4AAF02DE-58E6-4F72-A9FD-573F2D00EF16}.Debug|Any CPU.ActiveCfg = Debug|Any CPU
		{4AAF02DE-58E6-4F72-A9FD-573F2D00EF16}.Debug|Any CPU.Build.0 = Debug|Any CPU
		{4AAF02DE-58E6-4F72-A9FD-573F2D00EF16}.Release|Any CPU.ActiveCfg = Release|Any CPU
		{4AAF02DE-58E6-4F72-A9FD-573F2D00EF16}.Release|Any CPU.Build.0 = Release|Any CPU
	EndGlobalSection
	GlobalSection(SolutionProperties) = preSolution
		HideSolutionNode = FALSE
	EndGlobalSection
	GlobalSection(ExtensibilityGlobals) = postSolution
		SolutionGuid = {64D04419-5A02-4FFE-82F7-265761A4E1BF}
	EndGlobalSection
EndGlobal
